{
  "name": "vue-sparrow-calendar",
  "version": "0.1.0",
  "lockfileVersion": 1,
  "requires": true,
  "dependencies": {
    "sparrow-calendar": {
      "version": "0.1.1",
      "resolved": "https://registry.npmjs.org/sparrow-calendar/-/sparrow-calendar-0.1.1.tgz",
      "integrity": "sha512-Df5bqUYy4nKtypMSyXkewkYqGltNQv5VaR3ojqedcMwSfLu7NXew6H6W1ANVqzKiqbPIY5rLG2o5QQTYxjjxDw=="
    }
  }
}
